
Microsoft Visual Studio Solution File, Format Version 11.00
# Visual C# Express 2010
Project("{FAE04EC0-301F-11D3-BF4B-00C04F79EFBC}") = "NuonuoSDK", "NuonuoSDK\NuonuoSDK.csproj", "{585A7327-8A0F-4239-8A70-CB8952842FCD}"
EndProject
Global
	GlobalSection(SolutionConfigurationPlatforms) = preSolution
		Debug|Any CPU = Debug|Any CPU
		Release|Any CPU = Release|Any CPU
	EndGlobalSection
	GlobalSection(ProjectConfigurationPlatforms) = postSolution
		{585A7327-8A0F-4239-8A70-CB8952842FCD}.Debug|Any CPU.ActiveCfg = Debug|Any CPU
		{585A7327-8A0F-4239-8A70-CB8952842FCD}.Debug|Any CPU.Build.0 = Debug|Any CPU
		{585A7327-8A0F-4239-8A70-CB8952842FCD}.Release|Any CPU.ActiveCfg = Release|Any CPU
		{585A7327-8A0F-4239-8A70-CB8952842FCD}.Release|Any CPU.Build.0 = Release|Any CPU
	EndGlobalSection
	GlobalSection(SolutionProperties) = preSolution
		HideSolutionNode = FALSE
	EndGlobalSection
EndGlobal
